// !$*UTF8*$!
{
	archiveVersion = 1;
	classes = {
	};
	objectVersion = 46;
	objects = {

/* Begin PBXBuildFile section */
		430A05D61B6400CC00D147ED /* MapViewController.swift in Sources */ = {isa = PBXBuildFile; fileRef = 430A05D51B6400CC00D147ED /* MapViewController.swift */; };
		430A05D81B64025200D147ED /* MapKit.framework in Frameworks */ = {isa = PBXBuildFile; fileRef = 430A05D71B64025200D147ED /* MapKit.framework */; };
		430A05DC1B640E6D00D147ED /* FeedItem.swift in Sources */ = {isa = PBXBuildFile; fileRef = 430A05DB1B640E6D00D147ED /* FeedItem.swift */; };
		4333656A1B607E9D003CD642 /* FilterViewController.swift in Sources */ = {isa = PBXBuildFile; fileRef = 433365691B607E9D003CD642 /* FilterViewController.swift */; };
		4333656C1B6084C9003CD642 /* FilterCell.swift in Sources */ = {isa = PBXBuildFile; fileRef = 4333656B1B6084C9003CD642 /* FilterCell.swift */; };
		43C025F51B5D76A4005EC81D /* AppDelegate.swift in Sources */ = {isa = PBXBuildFile; fileRef = 43C025F41B5D76A4005EC81D /* AppDelegate.swift */; };
		43C025F81B5D76A4005EC81D /* ExchangeAGram.xcdatamodeld in Sources */ = {isa = PBXBuildFile; fileRef = 43C025F61B5D76A4005EC81D /* ExchangeAGram.xcdatamodeld */; };
		43C025FD1B5D76A4005EC81D /* Main.storyboard in Resources */ = {isa = PBXBuildFile; fileRef = 43C025FB1B5D76A4005EC81D /* Main.storyboard */; };
		43C025FF1B5D76A4005EC81D /* Images.xcassets in Resources */ = {isa = PBXBuildFile; fileRef = 43C025FE1B5D76A4005EC81D /* Images.xcassets */; };
		43C026021B5D76A4005EC81D /* LaunchScreen.xib in Resources */ = {isa = PBXBuildFile; fileRef = 43C026001B5D76A4005EC81D /* LaunchScreen.xib */; };
		43C0260E1B5D76A4005EC81D /* ExchangeAGramTests.swift in Sources */ = {isa = PBXBuildFile; fileRef = 43C0260D1B5D76A4005EC81D /* ExchangeAGramTests.swift */; };
		43C026181B5D795C005EC81D /* FeedViewController.swift in Sources */ = {isa = PBXBuildFile; fileRef = 43C026171B5D795C005EC81D /* FeedViewController.swift */; };
		43C0261A1B5D7D39005EC81D /* FeedCell.swift in Sources */ = {isa = PBXBuildFile; fileRef = 43C026191B5D7D39005EC81D /* FeedCell.swift */; };
		43C0261C1B5D8051005EC81D /* MobileCoreServices.framework in Frameworks */ = {isa = PBXBuildFile; fileRef = 43C0261B1B5D8051005EC81D /* MobileCoreServices.framework */; };
		43D519F31B6171FF00A93679 /* ProfileViewController.swift in Sources */ = {isa = PBXBuildFile; fileRef = 43D519F21B6171FF00A93679 /* ProfileViewController.swift */; };
/* End PBXBuildFile section */

/* Begin PBXContainerItemProxy section */
		43C026081B5D76A4005EC81D /* PBXContainerItemProxy */ = {
			isa = PBXContainerItemProxy;
			containerPortal = 43C025E71B5D76A4005EC81D /* Project object */;
			proxyType = 1;
			remoteGlobalIDString = 43C025EE1B5D76A4005EC81D;
			remoteInfo = ExchangeAGram;
		};
/* End PBXContainerItemProxy section */

/* Begin PBXFileReference section */
		430A05D51B6400CC00D147ED /* MapViewController.swift */ = {isa = PBXFileReference; fileEncoding = 4; lastKnownFileType = sourcecode.swift; path = MapViewController.swift; sourceTree = "<group>"; };
		430A05D71B64025200D147ED /* MapKit.framework */ = {isa = PBXFileReference; lastKnownFileType = wrapper.framework; name = MapKit.framework; path = System/Library/Frameworks/MapKit.framework; sourceTree = SDKROOT; };
		430A05DB1B640E6D00D147ED /* FeedItem.swift */ = {isa = PBXFileReference; fileEncoding = 4; lastKnownFileType = sourcecode.swift; name = FeedItem.swift; path = ../FeedItem.swift; sourceTree = "<group>"; };
		433365691B607E9D003CD642 /* FilterViewController.swift */ = {isa = PBXFileReference; fileEncoding = 4; lastKnownFileType = sourcecode.swift; path = FilterViewController.swift; sourceTree = "<group>"; };
		4333656B1B6084C9003CD642 /* FilterCell.swift */ = {isa = PBXFileReference; fileEncoding = 4; lastKnownFileType = sourcecode.swift; path = FilterCell.swift; sourceTree = "<group>"; };
		43C025EF1B5D76A4005EC81D /* ExchangeAGram.app */ = {isa = PBXFileReference; explicitFileType = wrapper.application; includeInIndex = 0; path = ExchangeAGram.app; sourceTree = BUILT_PRODUCTS_DIR; };
		43C025F31B5D76A4005EC81D /* Info.plist */ = {isa = PBXFileReference; lastKnownFileType = text.plist.xml; path = Info.plist; sourceTree = "<group>"; };
		43C025F41B5D76A4005EC81D /* AppDelegate.swift */ = {isa = PBXFileReference; lastKnownFileType = sourcecode.swift; path = AppDelegate.swift; sourceTree = "<group>"; };
		43C025F71B5D76A4005EC81D /* ExchangeAGram.xcdatamodel */ = {isa = PBXFileReference; lastKnownFileType = wrapper.xcdatamodel; path = ExchangeAGram.xcdatamodel; sourceTree = "<group>"; };
		43C025FC1B5D76A4005EC81D /* Base */ = {isa = PBXFileReference; lastKnownFileType = file.storyboard; name = Base; path = Base.lproj/Main.storyboard; sourceTree = "<group>"; };
		43C025FE1B5D76A4005EC81D /* Images.xcassets */ = {isa = PBXFileReference; lastKnownFileType = folder.assetcatalog; path = Images.xcassets; sourceTree = "<group>"; };
		43C026011B5D76A4005EC81D /* Base */ = {isa = PBXFileReference; lastKnownFileType = file.xib; name = Base; path = Base.lproj/LaunchScreen.xib; sourceTree = "<group>"; };
		43C026071B5D76A4005EC81D /* ExchangeAGramTests.xctest */ = {isa = PBXFileReference; explicitFileType = wrapper.cfbundle; includeInIndex = 0; path = ExchangeAGramTests.xctest; sourceTree = BUILT_PRODUCTS_DIR; };
		43C0260C1B5D76A4005EC81D /* Info.plist */ = {isa = PBXFileReference; lastKnownFileType = text.plist.xml; path = Info.plist; sourceTree = "<group>"; };
		43C0260D1B5D76A4005EC81D /* ExchangeAGramTests.swift */ = {isa = PBXFileReference; lastKnownFileType = sourcecode.swift; path = ExchangeAGramTests.swift; sourceTree = "<group>"; };
		43C026171B5D795C005EC81D /* FeedViewController.swift */ = {isa = PBXFileReference; fileEncoding = 4; lastKnownFileType = sourcecode.swift; path = FeedViewController.swift; sourceTree = "<group>"; };
		43C026191B5D7D39005EC81D /* FeedCell.swift */ = {isa = PBXFileReference; fileEncoding = 4; lastKnownFileType = sourcecode.swift; path = FeedCell.swift; sourceTree = "<group>"; };
		43C0261B1B5D8051005EC81D /* MobileCoreServices.framework */ = {isa = PBXFileReference; lastKnownFileType = wrapper.framework; name = MobileCoreServices.framework; path = System/Library/Frameworks/MobileCoreServices.framework; sourceTree = SDKROOT; };
		43D519F21B6171FF00A93679 /* ProfileViewController.swift */ = {isa = PBXFileReference; fileEncoding = 4; lastKnownFileType = sourcecode.swift; path = ProfileViewController.swift; sourceTree = "<group>"; };
/* End PBXFileReference section */

/* Begin PBXFrameworksBuildPhase section */
		43C025EC1B5D76A4005EC81D /* Frameworks */ = {
			isa = PBXFrameworksBuildPhase;
			buildActionMask = 2147483647;
			files = (
				430A05D81B64025200D147ED /* MapKit.framework in Frameworks */,
				43C0261C1B5D8051005EC81D /* MobileCoreServices.framework in Frameworks */,
			);
			runOnlyForDeploymentPostprocessing = 0;
		};
		43C026041B5D76A4005EC81D /* Frameworks */ = {
			isa = PBXFrameworksBuildPhase;
			buildActionMask = 2147483647;
			files = (
			);
			runOnlyForDeploymentPostprocessing = 0;
		};
/* End PBXFrameworksBuildPhase section */

/* Begin PBXGroup section */
		43C025E61B5D76A4005EC81D = {
			isa = PBXGroup;
			children = (
				43C025F11B5D76A4005EC81D /* ExchangeAGram */,
				43C0260A1B5D76A4005EC81D /* ExchangeAGramTests */,
				43C025F01B5D76A4005EC81D /* Products */,
			);
			sourceTree = "<group>";
		};
		43C025F01B5D76A4005EC81D /* Products */ = {
			isa = PBXGroup;
			children = (
				43C025EF1B5D76A4005EC81D /* ExchangeAGram.app */,
				43C026071B5D76A4005EC81D /* ExchangeAGramTests.xctest */,
			);
			name = Products;
			sourceTree = "<group>";
		};
		43C025F11B5D76A4005EC81D /* ExchangeAGram */ = {
			isa = PBXGroup;
			children = (
				43C025F41B5D76A4005EC81D /* AppDelegate.swift */,
				43C026171B5D795C005EC81D /* FeedViewController.swift */,
				433365691B607E9D003CD642 /* FilterViewController.swift */,
				43D519F21B6171FF00A93679 /* ProfileViewController.swift */,
				430A05D51B6400CC00D147ED /* MapViewController.swift */,
				43C026191B5D7D39005EC81D /* FeedCell.swift */,
				4333656B1B6084C9003CD642 /* FilterCell.swift */,
				43C025FB1B5D76A4005EC81D /* Main.storyboard */,
				43C025FE1B5D76A4005EC81D /* Images.xcassets */,
				43C026001B5D76A4005EC81D /* LaunchScreen.xib */,
				43DD07851B61672A00E3BBC6 /* Model */,
				43C025F21B5D76A4005EC81D /* Supporting Files */,
			);
			path = ExchangeAGram;
			sourceTree = "<group>";
		};
		43C025F21B5D76A4005EC81D /* Supporting Files */ = {
			isa = PBXGroup;
			children = (
				430A05D71B64025200D147ED /* MapKit.framework */,
				43C0261B1B5D8051005EC81D /* MobileCoreServices.framework */,
				43C025F31B5D76A4005EC81D /* Info.plist */,
			);
			name = "Supporting Files";
			sourceTree = "<group>";
		};
		43C0260A1B5D76A4005EC81D /* ExchangeAGramTests */ = {
			isa = PBXGroup;
			children = (
				43C0260D1B5D76A4005EC81D /* ExchangeAGramTests.swift */,
				43C0260B1B5D76A4005EC81D /* Supporting Files */,
			);
			path = ExchangeAGramTests;
			sourceTree = "<group>";
		};
		43C0260B1B5D76A4005EC81D /* Supporting Files */ = {
			isa = PBXGroup;
			children = (
				43C0260C1B5D76A4005EC81D /* Info.plist */,
			);
			name = "Supporting Files";
			sourceTree = "<group>";
		};
		43DD07851B61672A00E3BBC6 /* Model */ = {
			isa = PBXGroup;
			children = (
				43C025F61B5D76A4005EC81D /* ExchangeAGram.xcdatamodeld */,
				430A05DB1B640E6D00D147ED /* FeedItem.swift */,
			);
			name = Model;
			sourceTree = "<group>";
		};
/* End PBXGroup section */

/* Begin PBXNativeTarget section */
		43C025EE1B5D76A4005EC81D /* ExchangeAGram */ = {
			isa = PBXNativeTarget;
			buildConfigurationList = 43C026111B5D76A4005EC81D /* Build configuration list for PBXNativeTarget "ExchangeAGram" */;
			buildPhases = (
				43C025EB1B5D76A4005EC81D /* Sources */,
				43C025EC1B5D76A4005EC81D /* Frameworks */,
				43C025ED1B5D76A4005EC81D /* Resources */,
			);
			buildRules = (
			);
			dependencies = (
			);
			name = ExchangeAGram;
			productName = ExchangeAGram;
			productReference = 43C025EF1B5D76A4005EC81D /* ExchangeAGram.app */;
			productType = "com.apple.product-type.application";
		};
		43C026061B5D76A4005EC81D /* ExchangeAGramTests */ = {
			isa = PBXNativeTarget;
			buildConfigurationList = 43C026141B5D76A4005EC81D /* Build configuration list for PBXNativeTarget "ExchangeAGramTests" */;
			buildPhases = (
				43C026031B5D76A4005EC81D /* Sources */,
				43C026041B5D76A4005EC81D /* Frameworks */,
				43C026051B5D76A4005EC81D /* Resources */,
			);
			buildRules = (
			);
			dependencies = (
				43C026091B5D76A4005EC81D /* PBXTargetDependency */,
			);
			name = ExchangeAGramTests;
			productName = ExchangeAGramTests;
			productReference = 43C026071B5D76A4005EC81D /* ExchangeAGramTests.xctest */;
			productType = "com.apple.product-type.bundle.unit-test";
		};
/* End PBXNativeTarget section */

/* Begin PBXProject section */
		43C025E71B5D76A4005EC81D /* Project object */ = {
			isa = PBXProject;
			attributes = {
				LastSwiftMigration = 0700;
				LastSwiftUpdateCheck = 0700;
				LastUpgradeCheck = 0640;
				ORGANIZATIONNAME = "William Chern";
				TargetAttributes = {
					43C025EE1B5D76A4005EC81D = {
						CreatedOnToolsVersion = 6.4;
					};
					43C026061B5D76A4005EC81D = {
						CreatedOnToolsVersion = 6.4;
						TestTargetID = 43C025EE1B5D76A4005EC81D;
					};
				};
			};
			buildConfigurationList = 43C025EA1B5D76A4005EC81D /* Build configuration list for PBXProject "ExchangeAGram" */;
			compatibilityVersion = "Xcode 3.2";
			developmentRegion = English;
			hasScannedForEncodings = 0;
			knownRegions = (
				en,
				Base,
			);
			mainGroup = 43C025E61B5D76A4005EC81D;
			productRefGroup = 43C025F01B5D76A4005EC81D /* Products */;
			projectDirPath = "";
			projectRoot = "";
			targets = (
				43C025EE1B5D76A4005EC81D /* ExchangeAGram */,
				43C026061B5D76A4005EC81D /* ExchangeAGramTests */,
			);
		};
/* End PBXProject section */

/* Begin PBXResourcesBuildPhase section */
		43C025ED1B5D76A4005EC81D /* Resources */ = {
			isa = PBXResourcesBuildPhase;
			buildActionMask = 2147483647;
			files = (
				43C025FD1B5D76A4005EC81D /* Main.storyboard in Resources */,
				43C026021B5D76A4005EC81D /* LaunchScreen.xib in Resources */,
				43C025FF1B5D76A4005EC81D /* Images.xcassets in Resources */,
			);
			runOnlyForDeploymentPostprocessing = 0;
		};
		43C026051B5D76A4005EC81D /* Resources */ = {
			isa = PBXResourcesBuildPhase;
			buildActionMask = 2147483647;
			files = (
			);
			runOnlyForDeploymentPostprocessing = 0;
		};
/* End PBXResourcesBuildPhase section */

/* Begin PBXSourcesBuildPhase section */
		43C025EB1B5D76A4005EC81D /* Sources */ = {
			isa = PBXSourcesBuildPhase;
			buildActionMask = 2147483647;
			files = (
				4333656C1B6084C9003CD642 /* FilterCell.swift in Sources */,
				4333656A1B607E9D003CD642 /* FilterViewController.swift in Sources */,
				43C025F51B5D76A4005EC81D /* AppDelegate.swift in Sources */,
				43C0261A1B5D7D39005EC81D /* FeedCell.swift in Sources */,
				430A05D61B6400CC00D147ED /* MapViewController.swift in Sources */,
				430A05DC1B640E6D00D147ED /* FeedItem.swift in Sources */,
				43C026181B5D795C005EC81D /* FeedViewController.swift in Sources */,
				43D519F31B6171FF00A93679 /* ProfileViewController.swift in Sources */,
				43C025F81B5D76A4005EC81D /* ExchangeAGram.xcdatamodeld in Sources */,
			);
			runOnlyForDeploymentPostprocessing = 0;
		};
		43C026031B5D76A4005EC81D /* Sources */ = {
			isa = PBXSourcesBuildPhase;
			buildActionMask = 2147483647;
			files = (
				43C0260E1B5D76A4005EC81D /* ExchangeAGramTests.swift in Sources */,
			);
			runOnlyForDeploymentPostprocessing = 0;
		};
/* End PBXSourcesBuildPhase section */

/* Begin PBXTargetDependency section */
		43C026091B5D76A4005EC81D /* PBXTargetDependency */ = {
			isa = PBXTargetDependency;
			target = 43C025EE1B5D76A4005EC81D /* ExchangeAGram */;
			targetProxy = 43C026081B5D76A4005EC81D /* PBXContainerItemProxy */;
		};
/* End PBXTargetDependency section */

/* Begin PBXVariantGroup section */
		43C025FB1B5D76A4005EC81D /* Main.storyboard */ = {
			isa = PBXVariantGroup;
			children = (
				43C025FC1B5D76A4005EC81D /* Base */,
			);
			name = Main.storyboard;
			sourceTree = "<group>";
		};
		43C026001B5D76A4005EC81D /* LaunchScreen.xib */ = {
			isa = PBXVariantGroup;
			children = (
				43C026011B5D76A4005EC81D /* Base */,
			);
			name = LaunchScreen.xib;
			sourceTree = "<group>";
		};
/* End PBXVariantGroup section */

/* Begin XCBuildConfiguration section */
		43C0260F1B5D76A4005EC81D /* Debug */ = {
			isa = XCBuildConfiguration;
			buildSettings = {
				ALWAYS_SEARCH_USER_PATHS = NO;
				CLANG_CXX_LANGUAGE_STANDARD = "gnu++0x";
				CLANG_CXX_LIBRARY = "libc++";
				CLANG_ENABLE_MODULES = YES;
				CLANG_ENABLE_OBJC_ARC = YES;
				CLANG_WARN_BOOL_CONVERSION = YES;
				CLANG_WARN_CONSTANT_CONVERSION = YES;
				CLANG_WARN_DIRECT_OBJC_ISA_USAGE = YES_ERROR;
				CLANG_WARN_EMPTY_BODY = YES;
				CLANG_WARN_ENUM_CONVERSION = YES;
				CLANG_WARN_INT_CONVERSION = YES;
				CLANG_WARN_OBJC_ROOT_CLASS = YES_ERROR;
				CLANG_WARN_UNREACHABLE_CODE = YES;
				CLANG_WARN__DUPLICATE_METHOD_MATCH = YES;
				"CODE_SIGN_IDENTITY[sdk=iphoneos*]" = "iPhone Developer";
				COPY_PHASE_STRIP = NO;
				DEBUG_INFORMATION_FORMAT = "dwarf-with-dsym";
				ENABLE_STRICT_OBJC_MSGSEND = YES;
				GCC_C_LANGUAGE_STANDARD = gnu99;
				GCC_DYNAMIC_NO_PIC = NO;
				GCC_NO_COMMON_BLOCKS = YES;
				GCC_OPTIMIZATION_LEVEL = 0;
				GCC_PREPROCESSOR_DEFINITIONS = (
					"DEBUG=1",
					"$(inherited)",
				);
				GCC_SYMBOLS_PRIVATE_EXTERN = NO;
				GCC_WARN_64_TO_32_BIT_CONVERSION = YES;
				GCC_WARN_ABOUT_RETURN_TYPE = YES_ERROR;
				GCC_WARN_UNDECLARED_SELECTOR = YES;
				GCC_WARN_UNINITIALIZED_AUTOS = YES_AGGRESSIVE;
				GCC_WARN_UNUSED_FUNCTION = YES;
				GCC_WARN_UNUSED_VARIABLE = YES;
				IPHONEOS_DEPLOYMENT_TARGET = 8.4;
				MTL_ENABLE_DEBUG_INFO = YES;
				ONLY_ACTIVE_ARCH = YES;
				SDKROOT = iphoneos;
				SWIFT_OPTIMIZATION_LEVEL = "-Onone";
				TARGETED_DEVICE_FAMILY = "1,2";
			};
			name = Debug;
		};
		43C026101B5D76A4005EC81D /* Release */ = {
			isa = XCBuildConfiguration;
			buildSettings = {
				ALWAYS_SEARCH_USER_PATHS = NO;
				CLANG_CXX_LANGUAGE_STANDARD = "gnu++0x";
				CLANG_CXX_LIBRARY = "libc++";
				CLANG_ENABLE_MODULES = YES;
				CLANG_ENABLE_OBJC_ARC = YES;
				CLANG_WARN_BOOL_CONVERSION = YES;
				CLANG_WARN_CONSTANT_CONVERSION = YES;
				CLANG_WARN_DIRECT_OBJC_ISA_USAGE = YES_ERROR;
				CLANG_WARN_EMPTY_BODY = YES;
				CLANG_WARN_ENUM_CONVERSION = YES;
				CLANG_WARN_INT_CONVERSION = YES;
				CLANG_WARN_OBJC_ROOT_CLASS = YES_ERROR;
				CLANG_WARN_UNREACHABLE_CODE = YES;
				CLANG_WARN__DUPLICATE_METHOD_MATCH = YES;
				"CODE_SIGN_IDENTITY[sdk=iphoneos*]" = "iPhone Developer";
				COPY_PHASE_STRIP = NO;
				DEBUG_INFORMATION_FORMAT = "dwarf-with-dsym";
				ENABLE_NS_ASSERTIONS = NO;
				ENABLE_STRICT_OBJC_MSGSEND = YES;
				GCC_C_LANGUAGE_STANDARD = gnu99;
				GCC_NO_COMMON_BLOCKS = YES;
				GCC_WARN_64_TO_32_BIT_CONVERSION = YES;
				GCC_WARN_ABOUT_RETURN_TYPE = YES_ERROR;
				GCC_WARN_UNDECLARED_SELECTOR = YES;
				GCC_WARN_UNINITIALIZED_AUTOS = YES_AGGRESSIVE;
				GCC_WARN_UNUSED_FUNCTION = YES;
				GCC_WARN_UNUSED_VARIABLE = YES;
				IPHONEOS_DEPLOYMENT_TARGET = 8.4;
				MTL_ENABLE_DEBUG_INFO = NO;
				SDKROOT = iphoneos;
				TARGETED_DEVICE_FAMILY = "1,2";
				VALIDATE_PRODUCT = YES;
			};
			name = Release;
		};
		43C026121B5D76A4005EC81D /* Debug */ = {
			isa = XCBuildConfiguration;
			buildSettings = {
				ASSETCATALOG_COMPILER_APPICON_NAME = AppIcon;
				INFOPLIST_FILE = ExchangeAGram/Info.plist;
				LD_RUNPATH_SEARCH_PATHS = "$(inherited) @executable_path/Frameworks";
				PRODUCT_NAME = "$(TARGET_NAME)";
			};
			name = Debug;
		};
		43C026131B5D76A4005EC81D /* Release */ = {
			isa = XCBuildConfiguration;
			buildSettings = {
				ASSETCATALOG_COMPILER_APPICON_NAME = AppIcon;
				INFOPLIST_FILE = ExchangeAGram/Info.plist;
				LD_RUNPATH_SEARCH_PATHS = "$(inherited) @executable_path/Frameworks";
				PRODUCT_NAME = "$(TARGET_NAME)";
			};
			name = Release;
		};
		43C026151B5D76A4005EC81D /* Debug */ = {
			isa = XCBuildConfiguration;
			buildSettings = {
				BUNDLE_LOADER = "$(TEST_HOST)";
				FRAMEWORK_SEARCH_PATHS = (
					"$(SDKROOT)/Developer/Library/Frameworks",
					"$(inherited)",
				);
				GCC_PREPROCESSOR_DEFINITIONS = (
					"DEBUG=1",
					"$(inherited)",
				);
				INFOPLIST_FILE = ExchangeAGramTests/Info.plist;
				LD_RUNPATH_SEARCH_PATHS = "$(inherited) @executable_path/Frameworks @loader_path/Frameworks";
				PRODUCT_NAME = "$(TARGET_NAME)";
				TEST_HOST = "$(BUILT_PRODUCTS_DIR)/ExchangeAGram.app/ExchangeAGram";
			};
			name = Debug;
		};
		43C026161B5D76A4005EC81D /* Release */ = {
			isa = XCBuildConfiguration;
			buildSettings = {
				BUNDLE_LOADER = "$(TEST_HOST)";
				FRAMEWORK_SEARCH_PATHS = (
					"$(SDKROOT)/Developer/Library/Frameworks",
					"$(inherited)",
				);
				INFOPLIST_FILE = ExchangeAGramTests/Info.plist;
				LD_RUNPATH_SEARCH_PATHS = "$(inherited) @executable_path/Frameworks @loader_path/Frameworks";
				PRODUCT_NAME = "$(TARGET_NAME)";
				TEST_HOST = "$(BUILT_PRODUCTS_DIR)/ExchangeAGram.app/ExchangeAGram";
			};
			name = Release;
		};
/* End XCBuildConfiguration section */

/* Begin XCConfigurationList section */
		43C025EA1B5D76A4005EC81D /* Build configuration list for PBXProject "ExchangeAGram" */ = {
			isa = XCConfigurationList;
			buildConfigurations = (
				43C0260F1B5D76A4005EC81D /* Debug */,
				43C026101B5D76A4005EC81D /* Release */,
			);
			defaultConfigurationIsVisible = 0;
			defaultConfigurationName = Release;
		};
		43C026111B5D76A4005EC81D /* Build configuration list for PBXNativeTarget "ExchangeAGram" */ = {
			isa = XCConfigurationList;
			buildConfigurations = (
				43C026121B5D76A4005EC81D /* Debug */,
				43C026131B5D76A4005EC81D /* Release */,
			);
			defaultConfigurationIsVisible = 0;
			defaultConfigurationName = Release;
		};
		43C026141B5D76A4005EC81D /* Build configuration list for PBXNativeTarget "ExchangeAGramTests" */ = {
			isa = XCConfigurationList;
			buildConfigurations = (
				43C026151B5D76A4005EC81D /* Debug */,
				43C026161B5D76A4005EC81D /* Release */,
			);
			defaultConfigurationIsVisible = 0;
			defaultConfigurationName = Release;
		};
/* End XCConfigurationList section */

/* Begin XCVersionGroup section */
		43C025F61B5D76A4005EC81D /* ExchangeAGram.xcdatamodeld */ = {
			isa = XCVersionGroup;
			children = (
				43C025F71B5D76A4005EC81D /* ExchangeAGram.xcdatamodel */,
			);
			currentVersion = 43C025F71B5D76A4005EC81D /* ExchangeAGram.xcdatamodel */;
			path = ExchangeAGram.xcdatamodeld;
			sourceTree = "<group>";
			versionGroupType = wrapper.xcdatamodel;
		};
/* End XCVersionGroup section */
	};
	rootObject = 43C025E71B5D76A4005EC81D /* Project object */;
}
